
Microsoft Visual Studio Solution File, Format Version 12.00
# Visual Studio Version 16
VisualStudioVersion = 16.0.810.20
MinimumVisualStudioVersion = 10.0.40219.1
Project("{FAE04EC0-301F-11D3-BF4B-00C04F79EFBC}") = "C#", "C#.csproj", "{98350F5C-F412-4E05-A868-5C4A805852EF}"
EndProject
Global
	GlobalSection(SolutionConfigurationPlatforms) = preSolution
		Debug|Any CPU = Debug|Any CPU
		Release|Any CPU = Release|Any CPU
	EndGlobalSection
	GlobalSection(ProjectConfigurationPlatforms) = postSolution
		{98350F5C-F412-4E05-A868-5C4A805852EF}.Debug|Any CPU.ActiveCfg = Debug|Any CPU
		{98350F5C-F412-4E05-A868-5C4A805852EF}.Debug|Any CPU.Build.0 = Debug|Any CPU
		{98350F5C-F412-4E05-A868-5C4A805852EF}.Release|Any CPU.ActiveCfg = Release|Any CPU
		{98350F5C-F412-4E05-A868-5C4A805852EF}.Release|Any CPU.Build.0 = Release|Any CPU
	EndGlobalSection
	GlobalSection(SolutionProperties) = preSolution
		HideSolutionNode = FALSE
	EndGlobalSection
	GlobalSection(ExtensibilityGlobals) = postSolution
		SolutionGuid = {16D379B3-A11D-4C0F-BA6F-7038217C640A}
	EndGlobalSection
EndGlobal
